
Microsoft Visual Studio Solution File, Format Version 12.00
# Visual Studio Version 16
VisualStudioVersion = 16.0.30517.126
MinimumVisualStudioVersion = 10.0.40219.1
Project("{9A19103F-16F7-4668-BE54-9A1E7A4F7556}") = "Treinamento.Domain", "Treinamento.Domain\Treinamento.Domain.csproj", "{40C253EF-5546-4AC5-827D-6D1B4BDBB409}"
EndProject
Project("{9A19103F-16F7-4668-BE54-9A1E7A4F7556}") = "Treinamento.Validacoes", "Treinamento.Validacoes\Treinamento.Validacoes.csproj", "{78CCA8C9-8734-455E-8837-4D30C74DE332}"
EndProject
Project("{9A19103F-16F7-4668-BE54-9A1E7A4F7556}") = "Treinamento.Tests", "Treinamento.Tests\Treinamento.Tests.csproj", "{87CFB4C3-9C68-4C41-B76B-280C4410CCE1}"
EndProject
Project("{9A19103F-16F7-4668-BE54-9A1E7A4F7556}") = "Treinamentos.Persistencia", "Treinamentos.Persistencia\Treinamentos.Persistencia.csproj", "{471C38CB-9836-424B-AFB9-80FCB9F56890}"
EndProject
Project("{9A19103F-16F7-4668-BE54-9A1E7A4F7556}") = "Treinamentos.View", "Treinamentos.View\Treinamentos.View.csproj", "{0DDE6A3A-BAE4-49D8-825D-CBE41D706E7A}"
EndProject
Project("{FAE04EC0-301F-11D3-BF4B-00C04F79EFBC}") = "Trainamentos.Seed", "Trainamentos.Seed\Trainamentos.Seed.csproj", "{F825A8AF-58A1-4868-8827-E69BF8D2D37A}"
EndProject
Project("{FAE04EC0-301F-11D3-BF4B-00C04F79EFBC}") = "Trainamentos.SeedFactory", "Trainamentos.SeedFactory\Trainamentos.SeedFactory.csproj", "{9FA6D28A-1B6E-4469-9471-0C3CCAECDCB8}"
EndProject
Project("{FAE04EC0-301F-11D3-BF4B-00C04F79EFBC}") = "Treinamentos.Regras", "Treinamentos.Regras\Treinamentos.Regras.csproj", "{4BABEA93-8ABF-4A0A-A792-AD28F6CCC053}"
EndProject
Project("{FAE04EC0-301F-11D3-BF4B-00C04F79EFBC}") = "Treinamentos.RegrasPaciente", "Treinamentos.RegrasPaciente\Treinamentos.RegrasPaciente.csproj", "{F8866F3F-485B-478C-8CD5-3FF8A291A297}"
EndProject
Global
	GlobalSection(SolutionConfigurationPlatforms) = preSolution
		Debug|Any CPU = Debug|Any CPU
		Release|Any CPU = Release|Any CPU
	EndGlobalSection
	GlobalSection(ProjectConfigurationPlatforms) = postSolution
		{40C253EF-5546-4AC5-827D-6D1B4BDBB409}.Debug|Any CPU.ActiveCfg = Debug|Any CPU
		{40C253EF-5546-4AC5-827D-6D1B4BDBB409}.Debug|Any CPU.Build.0 = Debug|Any CPU
		{40C253EF-5546-4AC5-827D-6D1B4BDBB409}.Release|Any CPU.ActiveCfg = Release|Any CPU
		{40C253EF-5546-4AC5-827D-6D1B4BDBB409}.Release|Any CPU.Build.0 = Release|Any CPU
		{78CCA8C9-8734-455E-8837-4D30C74DE332}.Debug|Any CPU.ActiveCfg = Debug|Any CPU
		{78CCA8C9-8734-455E-8837-4D30C74DE332}.Debug|Any CPU.Build.0 = Debug|Any CPU
		{78CCA8C9-8734-455E-8837-4D30C74DE332}.Release|Any CPU.ActiveCfg = Release|Any CPU
		{78CCA8C9-8734-455E-8837-4D30C74DE332}.Release|Any CPU.Build.0 = Release|Any CPU
		{87CFB4C3-9C68-4C41-B76B-280C4410CCE1}.Debug|Any CPU.ActiveCfg = Debug|Any CPU
		{87CFB4C3-9C68-4C41-B76B-280C4410CCE1}.Debug|Any CPU.Build.0 = Debug|Any CPU
		{87CFB4C3-9C68-4C41-B76B-280C4410CCE1}.Release|Any CPU.ActiveCfg = Release|Any CPU
		{87CFB4C3-9C68-4C41-B76B-280C4410CCE1}.Release|Any CPU.Build.0 = Release|Any CPU
		{471C38CB-9836-424B-AFB9-80FCB9F56890}.Debug|Any CPU.ActiveCfg = Debug|Any CPU
		{471C38CB-9836-424B-AFB9-80FCB9F56890}.Debug|Any CPU.Build.0 = Debug|Any CPU
		{471C38CB-9836-424B-AFB9-80FCB9F56890}.Release|Any CPU.ActiveCfg = Release|Any CPU
		{471C38CB-9836-424B-AFB9-80FCB9F56890}.Release|Any CPU.Build.0 = Release|Any CPU
		{0DDE6A3A-BAE4-49D8-825D-CBE41D706E7A}.Debug|Any CPU.ActiveCfg = Debug|Any CPU
		{0DDE6A3A-BAE4-49D8-825D-CBE41D706E7A}.Debug|Any CPU.Build.0 = Debug|Any CPU
		{0DDE6A3A-BAE4-49D8-825D-CBE41D706E7A}.Release|Any CPU.ActiveCfg = Release|Any CPU
		{0DDE6A3A-BAE4-49D8-825D-CBE41D706E7A}.Release|Any CPU.Build.0 = Release|Any CPU
		{F825A8AF-58A1-4868-8827-E69BF8D2D37A}.Debug|Any CPU.ActiveCfg = Debug|Any CPU
		{F825A8AF-58A1-4868-8827-E69BF8D2D37A}.Debug|Any CPU.Build.0 = Debug|Any CPU
		{F825A8AF-58A1-4868-8827-E69BF8D2D37A}.Release|Any CPU.ActiveCfg = Release|Any CPU
		{F825A8AF-58A1-4868-8827-E69BF8D2D37A}.Release|Any CPU.Build.0 = Release|Any CPU
		{9FA6D28A-1B6E-4469-9471-0C3CCAECDCB8}.Debug|Any CPU.ActiveCfg = Debug|Any CPU
		{9FA6D28A-1B6E-4469-9471-0C3CCAECDCB8}.Debug|Any CPU.Build.0 = Debug|Any CPU
		{9FA6D28A-1B6E-4469-9471-0C3CCAECDCB8}.Release|Any CPU.ActiveCfg = Release|Any CPU
		{9FA6D28A-1B6E-4469-9471-0C3CCAECDCB8}.Release|Any CPU.Build.0 = Release|Any CPU
		{4BABEA93-8ABF-4A0A-A792-AD28F6CCC053}.Debug|Any CPU.ActiveCfg = Debug|Any CPU
		{4BABEA93-8ABF-4A0A-A792-AD28F6CCC053}.Debug|Any CPU.Build.0 = Debug|Any CPU
		{4BABEA93-8ABF-4A0A-A792-AD28F6CCC053}.Release|Any CPU.ActiveCfg = Release|Any CPU
		{4BABEA93-8ABF-4A0A-A792-AD28F6CCC053}.Release|Any CPU.Build.0 = Release|Any CPU
		{F8866F3F-485B-478C-8CD5-3FF8A291A297}.Debug|Any CPU.ActiveCfg = Debug|Any CPU
		{F8866F3F-485B-478C-8CD5-3FF8A291A297}.Debug|Any CPU.Build.0 = Debug|Any CPU
		{F8866F3F-485B-478C-8CD5-3FF8A291A297}.Release|Any CPU.ActiveCfg = Release|Any CPU
		{F8866F3F-485B-478C-8CD5-3FF8A291A297}.Release|Any CPU.Build.0 = Release|Any CPU
	EndGlobalSection
	GlobalSection(SolutionProperties) = preSolution
		HideSolutionNode = FALSE
	EndGlobalSection
	GlobalSection(ExtensibilityGlobals) = postSolution
		SolutionGuid = {006E42AE-553C-4CDE-956B-506E2DA94FD8}
	EndGlobalSection
EndGlobal
